
Microsoft Visual Studio Solution File, Format Version 12.00
# Visual Studio Version 17
VisualStudioVersion = 17.8.34408.163
MinimumVisualStudioVersion = 10.0.40219.1
Project("{9A19103F-16F7-4668-BE54-9A1E7A4F7556}") = "dapper_api", "dapper-api\dapper_api.csproj", "{F397560E-3958-4023-8292-417071B44440}"
EndProject
Global
	GlobalSection(SolutionConfigurationPlatforms) = preSolution
		Debug|Any CPU = Debug|Any CPU
		Release|Any CPU = Release|Any CPU
	EndGlobalSection
	GlobalSection(ProjectConfigurationPlatforms) = postSolution
		{F397560E-3958-4023-8292-417071B44440}.Debug|Any CPU.ActiveCfg = Debug|Any CPU
		{F397560E-3958-4023-8292-417071B44440}.Debug|Any CPU.Build.0 = Debug|Any CPU
		{F397560E-3958-4023-8292-417071B44440}.Release|Any CPU.ActiveCfg = Release|Any CPU
		{F397560E-3958-4023-8292-417071B44440}.Release|Any CPU.Build.0 = Release|Any CPU
	EndGlobalSection
	GlobalSection(SolutionProperties) = preSolution
		HideSolutionNode = FALSE
	EndGlobalSection
	GlobalSection(ExtensibilityGlobals) = postSolution
		SolutionGuid = {26D995BD-A61E-41E4-AB03-4876FB7EA09A}
	EndGlobalSection
EndGlobal
